
Microsoft Visual Studio Solution File, Format Version 12.00
# Visual Studio Version 16
VisualStudioVersion = 16.0.29519.87
MinimumVisualStudioVersion = 10.0.40219.1
Project("{FAE04EC0-301F-11D3-BF4B-00C04F79EFBC}") = "BlueScreenSaver", "BlueScreenSaver\BlueScreenSaver.csproj", "{0D6484C1-11D0-4491-B420-266609AEAD11}"
EndProject
Global
	GlobalSection(SolutionConfigurationPlatforms) = preSolution
		Debug|Any CPU = Debug|Any CPU
		Release|Any CPU = Release|Any CPU
	EndGlobalSection
	GlobalSection(ProjectConfigurationPlatforms) = postSolution
		{0D6484C1-11D0-4491-B420-266609AEAD11}.Debug|Any CPU.ActiveCfg = Debug|Any CPU
		{0D6484C1-11D0-4491-B420-266609AEAD11}.Debug|Any CPU.Build.0 = Debug|Any CPU
		{0D6484C1-11D0-4491-B420-266609AEAD11}.Release|Any CPU.ActiveCfg = Release|Any CPU
		{0D6484C1-11D0-4491-B420-266609AEAD11}.Release|Any CPU.Build.0 = Release|Any CPU
	EndGlobalSection
	GlobalSection(SolutionProperties) = preSolution
		HideSolutionNode = FALSE
	EndGlobalSection
	GlobalSection(ExtensibilityGlobals) = postSolution
		SolutionGuid = {AB7B90D2-E9EC-4139-963E-22E248AA54B9}
	EndGlobalSection
EndGlobal
